
Microsoft Visual Studio Solution File, Format Version 12.00
# Visual Studio Version 16
VisualStudioVersion = 16.0.30717.126
MinimumVisualStudioVersion = 10.0.40219.1
Project("{9A19103F-16F7-4668-BE54-9A1E7A4F7556}") = "WpfApp1", "WpfApp1\WpfApp1.csproj", "{02478A7F-9931-4934-B5AB-704EAD31F7DA}"
EndProject
Project("{9A19103F-16F7-4668-BE54-9A1E7A4F7556}") = "ConsoleApp1", "ConsoleApp1\ConsoleApp1.csproj", "{E26CD933-0A22-482D-AE6D-7A3F8B52493E}"
EndProject
Project("{9A19103F-16F7-4668-BE54-9A1E7A4F7556}") = "WpfApp4", "WpfApp4\WpfApp4.csproj", "{96CF3303-23DE-4EEE-9BBA-0F921853E2DD}"
EndProject
Project("{9A19103F-16F7-4668-BE54-9A1E7A4F7556}") = "lesson-4", "lesson-4\lesson-4.csproj", "{23563FDD-F0F9-4ED7-BEB8-CE7C87470F9F}"
EndProject
Project("{9A19103F-16F7-4668-BE54-9A1E7A4F7556}") = "lesson-5", "lesson-5\lesson-5.csproj", "{B48FA19D-C307-4FF4-8884-93381A7EDE20}"
EndProject
Project("{FAE04EC0-301F-11D3-BF4B-00C04F79EFBC}") = "lesson-6", "lesson-6\lesson-6.csproj", "{C2D56F21-CAD2-4D1E-94FF-F7F05D2935F7}"
EndProject
Global
	GlobalSection(SolutionConfigurationPlatforms) = preSolution
		Debug|Any CPU = Debug|Any CPU
		Release|Any CPU = Release|Any CPU
	EndGlobalSection
	GlobalSection(ProjectConfigurationPlatforms) = postSolution
		{02478A7F-9931-4934-B5AB-704EAD31F7DA}.Debug|Any CPU.ActiveCfg = Debug|Any CPU
		{02478A7F-9931-4934-B5AB-704EAD31F7DA}.Debug|Any CPU.Build.0 = Debug|Any CPU
		{02478A7F-9931-4934-B5AB-704EAD31F7DA}.Release|Any CPU.ActiveCfg = Release|Any CPU
		{02478A7F-9931-4934-B5AB-704EAD31F7DA}.Release|Any CPU.Build.0 = Release|Any CPU
		{E26CD933-0A22-482D-AE6D-7A3F8B52493E}.Debug|Any CPU.ActiveCfg = Debug|Any CPU
		{E26CD933-0A22-482D-AE6D-7A3F8B52493E}.Debug|Any CPU.Build.0 = Debug|Any CPU
		{E26CD933-0A22-482D-AE6D-7A3F8B52493E}.Release|Any CPU.ActiveCfg = Release|Any CPU
		{E26CD933-0A22-482D-AE6D-7A3F8B52493E}.Release|Any CPU.Build.0 = Release|Any CPU
		{96CF3303-23DE-4EEE-9BBA-0F921853E2DD}.Debug|Any CPU.ActiveCfg = Debug|Any CPU
		{96CF3303-23DE-4EEE-9BBA-0F921853E2DD}.Debug|Any CPU.Build.0 = Debug|Any CPU
		{96CF3303-23DE-4EEE-9BBA-0F921853E2DD}.Release|Any CPU.ActiveCfg = Release|Any CPU
		{96CF3303-23DE-4EEE-9BBA-0F921853E2DD}.Release|Any CPU.Build.0 = Release|Any CPU
		{23563FDD-F0F9-4ED7-BEB8-CE7C87470F9F}.Debug|Any CPU.ActiveCfg = Debug|Any CPU
		{23563FDD-F0F9-4ED7-BEB8-CE7C87470F9F}.Debug|Any CPU.Build.0 = Debug|Any CPU
		{23563FDD-F0F9-4ED7-BEB8-CE7C87470F9F}.Release|Any CPU.ActiveCfg = Release|Any CPU
		{23563FDD-F0F9-4ED7-BEB8-CE7C87470F9F}.Release|Any CPU.Build.0 = Release|Any CPU
		{B48FA19D-C307-4FF4-8884-93381A7EDE20}.Debug|Any CPU.ActiveCfg = Debug|Any CPU
		{B48FA19D-C307-4FF4-8884-93381A7EDE20}.Debug|Any CPU.Build.0 = Debug|Any CPU
		{B48FA19D-C307-4FF4-8884-93381A7EDE20}.Release|Any CPU.ActiveCfg = Release|Any CPU
		{B48FA19D-C307-4FF4-8884-93381A7EDE20}.Release|Any CPU.Build.0 = Release|Any CPU
		{C2D56F21-CAD2-4D1E-94FF-F7F05D2935F7}.Debug|Any CPU.ActiveCfg = Debug|Any CPU
		{C2D56F21-CAD2-4D1E-94FF-F7F05D2935F7}.Debug|Any CPU.Build.0 = Debug|Any CPU
		{C2D56F21-CAD2-4D1E-94FF-F7F05D2935F7}.Release|Any CPU.ActiveCfg = Release|Any CPU
		{C2D56F21-CAD2-4D1E-94FF-F7F05D2935F7}.Release|Any CPU.Build.0 = Release|Any CPU
	EndGlobalSection
	GlobalSection(SolutionProperties) = preSolution
		HideSolutionNode = FALSE
	EndGlobalSection
	GlobalSection(ExtensibilityGlobals) = postSolution
		SolutionGuid = {BD99D5D8-1B4F-420F-8961-E98FA2F4D591}
	EndGlobalSection
EndGlobal
